
Microsoft Visual Studio Solution File, Format Version 12.00
# Visual Studio Version 17
VisualStudioVersion = 17.5.002.0
MinimumVisualStudioVersion = 10.0.40219.1
Project("{9A19103F-16F7-4668-BE54-9A1E7A4F7556}") = "Debugging", "Debugging\Debugging.csproj", "{D08AB6BC-BCA3-4400-96A1-294B8F63202A}"
EndProject
Global
	GlobalSection(SolutionConfigurationPlatforms) = preSolution
		Debug|Any CPU = Debug|Any CPU
		Release|Any CPU = Release|Any CPU
	EndGlobalSection
	GlobalSection(ProjectConfigurationPlatforms) = postSolution
		{D08AB6BC-BCA3-4400-96A1-294B8F63202A}.Debug|Any CPU.ActiveCfg = Debug|Any CPU
		{D08AB6BC-BCA3-4400-96A1-294B8F63202A}.Debug|Any CPU.Build.0 = Debug|Any CPU
		{D08AB6BC-BCA3-4400-96A1-294B8F63202A}.Release|Any CPU.ActiveCfg = Release|Any CPU
		{D08AB6BC-BCA3-4400-96A1-294B8F63202A}.Release|Any CPU.Build.0 = Release|Any CPU
	EndGlobalSection
	GlobalSection(SolutionProperties) = preSolution
		HideSolutionNode = FALSE
	EndGlobalSection
	GlobalSection(ExtensibilityGlobals) = postSolution
		SolutionGuid = {F1831AAA-3F09-46FA-9343-2911D41D3F6D}
	EndGlobalSection
EndGlobal
